
Microsoft Visual Studio Solution File, Format Version 12.00
# Visual Studio 14
VisualStudioVersion = 14.0.24720.0
MinimumVisualStudioVersion = 10.0.40219.1
Project("{FAE04EC0-301F-11D3-BF4B-00C04F79EFBC}") = "PatientManagementSystem", "PatientManagementSystem\PatientManagementSystem.csproj", "{63C92C7F-C310-4776-AF19-91EBCEFCA28A}"
EndProject
Project("{FAE04EC0-301F-11D3-BF4B-00C04F79EFBC}") = "PatientManagementSystem.Tests", "PatientManagementSystem.Tests\PatientManagementSystem.Tests.csproj", "{2FEC7A01-BCB2-465B-B22E-5992564FAB9B}"
EndProject
Global
	GlobalSection(SolutionConfigurationPlatforms) = preSolution
		Debug|Any CPU = Debug|Any CPU
		Release|Any CPU = Release|Any CPU
	EndGlobalSection
	GlobalSection(ProjectConfigurationPlatforms) = postSolution
		{63C92C7F-C310-4776-AF19-91EBCEFCA28A}.Debug|Any CPU.ActiveCfg = Debug|Any CPU
		{63C92C7F-C310-4776-AF19-91EBCEFCA28A}.Debug|Any CPU.Build.0 = Debug|Any CPU
		{63C92C7F-C310-4776-AF19-91EBCEFCA28A}.Release|Any CPU.ActiveCfg = Release|Any CPU
		{63C92C7F-C310-4776-AF19-91EBCEFCA28A}.Release|Any CPU.Build.0 = Release|Any CPU
		{2FEC7A01-BCB2-465B-B22E-5992564FAB9B}.Debug|Any CPU.ActiveCfg = Debug|Any CPU
		{2FEC7A01-BCB2-465B-B22E-5992564FAB9B}.Debug|Any CPU.Build.0 = Debug|Any CPU
		{2FEC7A01-BCB2-465B-B22E-5992564FAB9B}.Release|Any CPU.ActiveCfg = Release|Any CPU
		{2FEC7A01-BCB2-465B-B22E-5992564FAB9B}.Release|Any CPU.Build.0 = Release|Any CPU
	EndGlobalSection
	GlobalSection(SolutionProperties) = preSolution
		HideSolutionNode = FALSE
	EndGlobalSection
EndGlobal
